// !$*UTF8*$!
{
	archiveVersion = 1;
	classes = {
	};
	objectVersion = 56;
	objects = {

/* Begin PBXBuildFile section */
		09C800222BDB9C63000CFED0 /* AppDelegate.swift in Sources */ = {isa = PBXBuildFile; fileRef = 09C800212BDB9C63000CFED0 /* AppDelegate.swift */; };
		09C800242BDB9C63000CFED0 /* SceneDelegate.swift in Sources */ = {isa = PBXBuildFile; fileRef = 09C800232BDB9C63000CFED0 /* SceneDelegate.swift */; };
		09C800292BDB9C63000CFED0 /* Main.storyboard in Resources */ = {isa = PBXBuildFile; fileRef = 09C800272BDB9C63000CFED0 /* Main.storyboard */; };
		09C8002B2BDB9C64000CFED0 /* Assets.xcassets in Resources */ = {isa = PBXBuildFile; fileRef = 09C8002A2BDB9C64000CFED0 /* Assets.xcassets */; };
		09C8002E2BDB9C64000CFED0 /* LaunchScreen.storyboard in Resources */ = {isa = PBXBuildFile; fileRef = 09C8002C2BDB9C64000CFED0 /* LaunchScreen.storyboard */; };
		09C800392BDB9DCC000CFED0 /* ImagesViewController.swift in Sources */ = {isa = PBXBuildFile; fileRef = 09C800382BDB9DCC000CFED0 /* ImagesViewController.swift */; };
		09C8003B2BDB9E17000CFED0 /* ImageData.swift in Sources */ = {isa = PBXBuildFile; fileRef = 09C8003A2BDB9E17000CFED0 /* ImageData.swift */; };
		09C8003D2BDB9E59000CFED0 /* ImagesViewModel.swift in Sources */ = {isa = PBXBuildFile; fileRef = 09C8003C2BDB9E59000CFED0 /* ImagesViewModel.swift */; };
		09C800402BDB9E9D000CFED0 /* NetworkManager.swift in Sources */ = {isa = PBXBuildFile; fileRef = 09C8003F2BDB9E9D000CFED0 /* NetworkManager.swift */; };
		09C800422BDB9EC8000CFED0 /* APIEndPoints.swift in Sources */ = {isa = PBXBuildFile; fileRef = 09C800412BDB9EC8000CFED0 /* APIEndPoints.swift */; };
		09C800442BDBA13A000CFED0 /* CacheManager.swift in Sources */ = {isa = PBXBuildFile; fileRef = 09C800432BDBA13A000CFED0 /* CacheManager.swift */; };
		09C800492BDBA2BE000CFED0 /* ImageCell.swift in Sources */ = {isa = PBXBuildFile; fileRef = 09C800472BDBA2BE000CFED0 /* ImageCell.swift */; };
		09C8004A2BDBA2BE000CFED0 /* ImageCell.xib in Resources */ = {isa = PBXBuildFile; fileRef = 09C800482BDBA2BE000CFED0 /* ImageCell.xib */; };
/* End PBXBuildFile section */

/* Begin PBXFileReference section */
		09C8001E2BDB9C63000CFED0 /* AsyncImageDownloader.app */ = {isa = PBXFileReference; explicitFileType = wrapper.application; includeInIndex = 0; path = AsyncImageDownloader.app; sourceTree = BUILT_PRODUCTS_DIR; };
		09C800212BDB9C63000CFED0 /* AppDelegate.swift */ = {isa = PBXFileReference; lastKnownFileType = sourcecode.swift; path = AppDelegate.swift; sourceTree = "<group>"; };
		09C800232BDB9C63000CFED0 /* SceneDelegate.swift */ = {isa = PBXFileReference; lastKnownFileType = sourcecode.swift; path = SceneDelegate.swift; sourceTree = "<group>"; };
		09C800282BDB9C63000CFED0 /* Base */ = {isa = PBXFileReference; lastKnownFileType = file.storyboard; name = Base; path = Base.lproj/Main.storyboard; sourceTree = "<group>"; };
		09C8002A2BDB9C64000CFED0 /* Assets.xcassets */ = {isa = PBXFileReference; lastKnownFileType = folder.assetcatalog; path = Assets.xcassets; sourceTree = "<group>"; };
		09C8002D2BDB9C64000CFED0 /* Base */ = {isa = PBXFileReference; lastKnownFileType = file.storyboard; name = Base; path = Base.lproj/LaunchScreen.storyboard; sourceTree = "<group>"; };
		09C8002F2BDB9C64000CFED0 /* Info.plist */ = {isa = PBXFileReference; lastKnownFileType = text.plist.xml; path = Info.plist; sourceTree = "<group>"; };
		09C800382BDB9DCC000CFED0 /* ImagesViewController.swift */ = {isa = PBXFileReference; lastKnownFileType = sourcecode.swift; path = ImagesViewController.swift; sourceTree = "<group>"; };
		09C8003A2BDB9E17000CFED0 /* ImageData.swift */ = {isa = PBXFileReference; lastKnownFileType = sourcecode.swift; path = ImageData.swift; sourceTree = "<group>"; };
		09C8003C2BDB9E59000CFED0 /* ImagesViewModel.swift */ = {isa = PBXFileReference; lastKnownFileType = sourcecode.swift; path = ImagesViewModel.swift; sourceTree = "<group>"; };
		09C8003F2BDB9E9D000CFED0 /* NetworkManager.swift */ = {isa = PBXFileReference; lastKnownFileType = sourcecode.swift; path = NetworkManager.swift; sourceTree = "<group>"; };
		09C800412BDB9EC8000CFED0 /* APIEndPoints.swift */ = {isa = PBXFileReference; lastKnownFileType = sourcecode.swift; path = APIEndPoints.swift; sourceTree = "<group>"; };
		09C800432BDBA13A000CFED0 /* CacheManager.swift */ = {isa = PBXFileReference; lastKnownFileType = sourcecode.swift; path = CacheManager.swift; sourceTree = "<group>"; };
		09C800472BDBA2BE000CFED0 /* ImageCell.swift */ = {isa = PBXFileReference; lastKnownFileType = sourcecode.swift; path = ImageCell.swift; sourceTree = "<group>"; };
		09C800482BDBA2BE000CFED0 /* ImageCell.xib */ = {isa = PBXFileReference; lastKnownFileType = file.xib; path = ImageCell.xib; sourceTree = "<group>"; };
/* End PBXFileReference section */

/* Begin PBXFrameworksBuildPhase section */
		09C8001B2BDB9C63000CFED0 /* Frameworks */ = {
			isa = PBXFrameworksBuildPhase;
			buildActionMask = 2147483647;
			files = (
			);
			runOnlyForDeploymentPostprocessing = 0;
		};
/* End PBXFrameworksBuildPhase section */

/* Begin PBXGroup section */
		09C800152BDB9C63000CFED0 = {
			isa = PBXGroup;
			children = (
				09C800202BDB9C63000CFED0 /* AsyncImageDownloader */,
				09C8001F2BDB9C63000CFED0 /* Products */,
			);
			sourceTree = "<group>";
		};
		09C8001F2BDB9C63000CFED0 /* Products */ = {
			isa = PBXGroup;
			children = (
				09C8001E2BDB9C63000CFED0 /* AsyncImageDownloader.app */,
			);
			name = Products;
			sourceTree = "<group>";
		};
		09C800202BDB9C63000CFED0 /* AsyncImageDownloader */ = {
			isa = PBXGroup;
			children = (
				09C8003E2BDB9E81000CFED0 /* Helpers */,
				09C800372BDB9DB0000CFED0 /* ViewModel */,
				09C800362BDB9DAB000CFED0 /* View */,
				09C800352BDB9DA5000CFED0 /* Model */,
				09C800212BDB9C63000CFED0 /* AppDelegate.swift */,
				09C800232BDB9C63000CFED0 /* SceneDelegate.swift */,
				09C800272BDB9C63000CFED0 /* Main.storyboard */,
				09C8002A2BDB9C64000CFED0 /* Assets.xcassets */,
				09C8002C2BDB9C64000CFED0 /* LaunchScreen.storyboard */,
				09C8002F2BDB9C64000CFED0 /* Info.plist */,
			);
			path = AsyncImageDownloader;
			sourceTree = "<group>";
		};
		09C800352BDB9DA5000CFED0 /* Model */ = {
			isa = PBXGroup;
			children = (
				09C8003A2BDB9E17000CFED0 /* ImageData.swift */,
			);
			path = Model;
			sourceTree = "<group>";
		};
		09C800362BDB9DAB000CFED0 /* View */ = {
			isa = PBXGroup;
			children = (
				09C800382BDB9DCC000CFED0 /* ImagesViewController.swift */,
				09C800472BDBA2BE000CFED0 /* ImageCell.swift */,
				09C800482BDBA2BE000CFED0 /* ImageCell.xib */,
			);
			path = View;
			sourceTree = "<group>";
		};
		09C800372BDB9DB0000CFED0 /* ViewModel */ = {
			isa = PBXGroup;
			children = (
				09C8003C2BDB9E59000CFED0 /* ImagesViewModel.swift */,
			);
			path = ViewModel;
			sourceTree = "<group>";
		};
		09C8003E2BDB9E81000CFED0 /* Helpers */ = {
			isa = PBXGroup;
			children = (
				09C8003F2BDB9E9D000CFED0 /* NetworkManager.swift */,
				09C800412BDB9EC8000CFED0 /* APIEndPoints.swift */,
				09C800432BDBA13A000CFED0 /* CacheManager.swift */,
			);
			path = Helpers;
			sourceTree = "<group>";
		};
/* End PBXGroup section */

/* Begin PBXNativeTarget section */
		09C8001D2BDB9C63000CFED0 /* AsyncImageDownloader */ = {
			isa = PBXNativeTarget;
			buildConfigurationList = 09C800322BDB9C64000CFED0 /* Build configuration list for PBXNativeTarget "AsyncImageDownloader" */;
			buildPhases = (
				09C8001A2BDB9C63000CFED0 /* Sources */,
				09C8001B2BDB9C63000CFED0 /* Frameworks */,
				09C8001C2BDB9C63000CFED0 /* Resources */,
			);
			buildRules = (
			);
			dependencies = (
			);
			name = AsyncImageDownloader;
			productName = AsyncImageDownloader;
			productReference = 09C8001E2BDB9C63000CFED0 /* AsyncImageDownloader.app */;
			productType = "com.apple.product-type.application";
		};
/* End PBXNativeTarget section */

/* Begin PBXProject section */
		09C800162BDB9C63000CFED0 /* Project object */ = {
			isa = PBXProject;
			attributes = {
				BuildIndependentTargetsInParallel = 1;
				LastSwiftUpdateCheck = 1520;
				LastUpgradeCheck = 1520;
				TargetAttributes = {
					09C8001D2BDB9C63000CFED0 = {
						CreatedOnToolsVersion = 15.2;
					};
				};
			};
			buildConfigurationList = 09C800192BDB9C63000CFED0 /* Build configuration list for PBXProject "AsyncImageDownloader" */;
			compatibilityVersion = "Xcode 14.0";
			developmentRegion = en;
			hasScannedForEncodings = 0;
			knownRegions = (
				en,
				Base,
			);
			mainGroup = 09C800152BDB9C63000CFED0;
			productRefGroup = 09C8001F2BDB9C63000CFED0 /* Products */;
			projectDirPath = "";
			projectRoot = "";
			targets = (
				09C8001D2BDB9C63000CFED0 /* AsyncImageDownloader */,
			);
		};
/* End PBXProject section */

/* Begin PBXResourcesBuildPhase section */
		09C8001C2BDB9C63000CFED0 /* Resources */ = {
			isa = PBXResourcesBuildPhase;
			buildActionMask = 2147483647;
			files = (
				09C8002E2BDB9C64000CFED0 /* LaunchScreen.storyboard in Resources */,
				09C8004A2BDBA2BE000CFED0 /* ImageCell.xib in Resources */,
				09C8002B2BDB9C64000CFED0 /* Assets.xcassets in Resources */,
				09C800292BDB9C63000CFED0 /* Main.storyboard in Resources */,
			);
			runOnlyForDeploymentPostprocessing = 0;
		};
/* End PBXResourcesBuildPhase section */

/* Begin PBXSourcesBuildPhase section */
		09C8001A2BDB9C63000CFED0 /* Sources */ = {
			isa = PBXSourcesBuildPhase;
			buildActionMask = 2147483647;
			files = (
				09C800402BDB9E9D000CFED0 /* NetworkManager.swift in Sources */,
				09C800222BDB9C63000CFED0 /* AppDelegate.swift in Sources */,
				09C800492BDBA2BE000CFED0 /* ImageCell.swift in Sources */,
				09C800392BDB9DCC000CFED0 /* ImagesViewController.swift in Sources */,
				09C800422BDB9EC8000CFED0 /* APIEndPoints.swift in Sources */,
				09C800442BDBA13A000CFED0 /* CacheManager.swift in Sources */,
				09C800242BDB9C63000CFED0 /* SceneDelegate.swift in Sources */,
				09C8003D2BDB9E59000CFED0 /* ImagesViewModel.swift in Sources */,
				09C8003B2BDB9E17000CFED0 /* ImageData.swift in Sources */,
			);
			runOnlyForDeploymentPostprocessing = 0;
		};
/* End PBXSourcesBuildPhase section */

/* Begin PBXVariantGroup section */
		09C800272BDB9C63000CFED0 /* Main.storyboard */ = {
			isa = PBXVariantGroup;
			children = (
				09C800282BDB9C63000CFED0 /* Base */,
			);
			name = Main.storyboard;
			sourceTree = "<group>";
		};
		09C8002C2BDB9C64000CFED0 /* LaunchScreen.storyboard */ = {
			isa = PBXVariantGroup;
			children = (
				09C8002D2BDB9C64000CFED0 /* Base */,
			);
			name = LaunchScreen.storyboard;
			sourceTree = "<group>";
		};
/* End PBXVariantGroup section */

/* Begin XCBuildConfiguration section */
		09C800302BDB9C64000CFED0 /* Debug */ = {
			isa = XCBuildConfiguration;
			buildSettings = {
				ALWAYS_SEARCH_USER_PATHS = NO;
				ASSETCATALOG_COMPILER_GENERATE_SWIFT_ASSET_SYMBOL_EXTENSIONS = YES;
				CLANG_ANALYZER_NONNULL = YES;
				CLANG_ANALYZER_NUMBER_OBJECT_CONVERSION = YES_AGGRESSIVE;
				CLANG_CXX_LANGUAGE_STANDARD = "gnu++20";
				CLANG_ENABLE_MODULES = YES;
				CLANG_ENABLE_OBJC_ARC = YES;
				CLANG_ENABLE_OBJC_WEAK = YES;
				CLANG_WARN_BLOCK_CAPTURE_AUTORELEASING = YES;
				CLANG_WARN_BOOL_CONVERSION = YES;
				CLANG_WARN_COMMA = YES;
				CLANG_WARN_CONSTANT_CONVERSION = YES;
				CLANG_WARN_DEPRECATED_OBJC_IMPLEMENTATIONS = YES;
				CLANG_WARN_DIRECT_OBJC_ISA_USAGE = YES_ERROR;
				CLANG_WARN_DOCUMENTATION_COMMENTS = YES;
				CLANG_WARN_EMPTY_BODY = YES;
				CLANG_WARN_ENUM_CONVERSION = YES;
				CLANG_WARN_INFINITE_RECURSION = YES;
				CLANG_WARN_INT_CONVERSION = YES;
				CLANG_WARN_NON_LITERAL_NULL_CONVERSION = YES;
				CLANG_WARN_OBJC_IMPLICIT_RETAIN_SELF = YES;
				CLANG_WARN_OBJC_LITERAL_CONVERSION = YES;
				CLANG_WARN_OBJC_ROOT_CLASS = YES_ERROR;
				CLANG_WARN_QUOTED_INCLUDE_IN_FRAMEWORK_HEADER = YES;
				CLANG_WARN_RANGE_LOOP_ANALYSIS = YES;
				CLANG_WARN_STRICT_PROTOTYPES = YES;
				CLANG_WARN_SUSPICIOUS_MOVE = YES;
				CLANG_WARN_UNGUARDED_AVAILABILITY = YES_AGGRESSIVE;
				CLANG_WARN_UNREACHABLE_CODE = YES;
				CLANG_WARN__DUPLICATE_METHOD_MATCH = YES;
				COPY_PHASE_STRIP = NO;
				DEBUG_INFORMATION_FORMAT = dwarf;
				ENABLE_STRICT_OBJC_MSGSEND = YES;
				ENABLE_TESTABILITY = YES;
				ENABLE_USER_SCRIPT_SANDBOXING = YES;
				GCC_C_LANGUAGE_STANDARD = gnu17;
				GCC_DYNAMIC_NO_PIC = NO;
				GCC_NO_COMMON_BLOCKS = YES;
				GCC_OPTIMIZATION_LEVEL = 0;
				GCC_PREPROCESSOR_DEFINITIONS = (
					"DEBUG=1",
					"$(inherited)",
				);
				GCC_WARN_64_TO_32_BIT_CONVERSION = YES;
				GCC_WARN_ABOUT_RETURN_TYPE = YES_ERROR;
				GCC_WARN_UNDECLARED_SELECTOR = YES;
				GCC_WARN_UNINITIALIZED_AUTOS = YES_AGGRESSIVE;
				GCC_WARN_UNUSED_FUNCTION = YES;
				GCC_WARN_UNUSED_VARIABLE = YES;
				IPHONEOS_DEPLOYMENT_TARGET = 17.2;
				LOCALIZATION_PREFERS_STRING_CATALOGS = YES;
				MTL_ENABLE_DEBUG_INFO = INCLUDE_SOURCE;
				MTL_FAST_MATH = YES;
				ONLY_ACTIVE_ARCH = YES;
				SDKROOT = iphoneos;
				SWIFT_ACTIVE_COMPILATION_CONDITIONS = "DEBUG $(inherited)";
				SWIFT_OPTIMIZATION_LEVEL = "-Onone";
			};
			name = Debug;
		};
		09C800312BDB9C64000CFED0 /* Release */ = {
			isa = XCBuildConfiguration;
			buildSettings = {
				ALWAYS_SEARCH_USER_PATHS = NO;
				ASSETCATALOG_COMPILER_GENERATE_SWIFT_ASSET_SYMBOL_EXTENSIONS = YES;
				CLANG_ANALYZER_NONNULL = YES;
				CLANG_ANALYZER_NUMBER_OBJECT_CONVERSION = YES_AGGRESSIVE;
				CLANG_CXX_LANGUAGE_STANDARD = "gnu++20";
				CLANG_ENABLE_MODULES = YES;
				CLANG_ENABLE_OBJC_ARC = YES;
				CLANG_ENABLE_OBJC_WEAK = YES;
				CLANG_WARN_BLOCK_CAPTURE_AUTORELEASING = YES;
				CLANG_WARN_BOOL_CONVERSION = YES;
				CLANG_WARN_COMMA = YES;
				CLANG_WARN_CONSTANT_CONVERSION = YES;
				CLANG_WARN_DEPRECATED_OBJC_IMPLEMENTATIONS = YES;
				CLANG_WARN_DIRECT_OBJC_ISA_USAGE = YES_ERROR;
				CLANG_WARN_DOCUMENTATION_COMMENTS = YES;
				CLANG_WARN_EMPTY_BODY = YES;
				CLANG_WARN_ENUM_CONVERSION = YES;
				CLANG_WARN_INFINITE_RECURSION = YES;
				CLANG_WARN_INT_CONVERSION = YES;
				CLANG_WARN_NON_LITERAL_NULL_CONVERSION = YES;
				CLANG_WARN_OBJC_IMPLICIT_RETAIN_SELF = YES;
				CLANG_WARN_OBJC_LITERAL_CONVERSION = YES;
				CLANG_WARN_OBJC_ROOT_CLASS = YES_ERROR;
				CLANG_WARN_QUOTED_INCLUDE_IN_FRAMEWORK_HEADER = YES;
				CLANG_WARN_RANGE_LOOP_ANALYSIS = YES;
				CLANG_WARN_STRICT_PROTOTYPES = YES;
				CLANG_WARN_SUSPICIOUS_MOVE = YES;
				CLANG_WARN_UNGUARDED_AVAILABILITY = YES_AGGRESSIVE;
				CLANG_WARN_UNREACHABLE_CODE = YES;
				CLANG_WARN__DUPLICATE_METHOD_MATCH = YES;
				COPY_PHASE_STRIP = NO;
				DEBUG_INFORMATION_FORMAT = "dwarf-with-dsym";
				ENABLE_NS_ASSERTIONS = NO;
				ENABLE_STRICT_OBJC_MSGSEND = YES;
				ENABLE_USER_SCRIPT_SANDBOXING = YES;
				GCC_C_LANGUAGE_STANDARD = gnu17;
				GCC_NO_COMMON_BLOCKS = YES;
				GCC_WARN_64_TO_32_BIT_CONVERSION = YES;
				GCC_WARN_ABOUT_RETURN_TYPE = YES_ERROR;
				GCC_WARN_UNDECLARED_SELECTOR = YES;
				GCC_WARN_UNINITIALIZED_AUTOS = YES_AGGRESSIVE;
				GCC_WARN_UNUSED_FUNCTION = YES;
				GCC_WARN_UNUSED_VARIABLE = YES;
				IPHONEOS_DEPLOYMENT_TARGET = 17.2;
				LOCALIZATION_PREFERS_STRING_CATALOGS = YES;
				MTL_ENABLE_DEBUG_INFO = NO;
				MTL_FAST_MATH = YES;
				SDKROOT = iphoneos;
				SWIFT_COMPILATION_MODE = wholemodule;
				VALIDATE_PRODUCT = YES;
			};
			name = Release;
		};
		09C800332BDB9C64000CFED0 /* Debug */ = {
			isa = XCBuildConfiguration;
			buildSettings = {
				ASSETCATALOG_COMPILER_APPICON_NAME = AppIcon;
				ASSETCATALOG_COMPILER_GLOBAL_ACCENT_COLOR_NAME = AccentColor;
				CODE_SIGN_STYLE = Automatic;
				CURRENT_PROJECT_VERSION = 1;
				GENERATE_INFOPLIST_FILE = YES;
				INFOPLIST_FILE = AsyncImageDownloader/Info.plist;
				INFOPLIST_KEY_UIApplicationSupportsIndirectInputEvents = YES;
				INFOPLIST_KEY_UILaunchStoryboardName = LaunchScreen;
				INFOPLIST_KEY_UIMainStoryboardFile = Main;
				INFOPLIST_KEY_UISupportedInterfaceOrientations_iPad = "UIInterfaceOrientationPortrait UIInterfaceOrientationPortraitUpsideDown UIInterfaceOrientationLandscapeLeft UIInterfaceOrientationLandscapeRight";
				INFOPLIST_KEY_UISupportedInterfaceOrientations_iPhone = "UIInterfaceOrientationPortrait UIInterfaceOrientationLandscapeLeft UIInterfaceOrientationLandscapeRight";
				LD_RUNPATH_SEARCH_PATHS = (
					"$(inherited)",
					"@executable_path/Frameworks",
				);
				MARKETING_VERSION = 1.0;
				PRODUCT_BUNDLE_IDENTIFIER = DemoApp.com.AsyncImageDownloader;
				PRODUCT_NAME = "$(TARGET_NAME)";
				SWIFT_EMIT_LOC_STRINGS = YES;
				SWIFT_VERSION = 5.0;
				TARGETED_DEVICE_FAMILY = "1,2";
			};
			name = Debug;
		};
		09C800342BDB9C64000CFED0 /* Release */ = {
			isa = XCBuildConfiguration;
			buildSettings = {
				ASSETCATALOG_COMPILER_APPICON_NAME = AppIcon;
				ASSETCATALOG_COMPILER_GLOBAL_ACCENT_COLOR_NAME = AccentColor;
				CODE_SIGN_STYLE = Automatic;
				CURRENT_PROJECT_VERSION = 1;
				GENERATE_INFOPLIST_FILE = YES;
				INFOPLIST_FILE = AsyncImageDownloader/Info.plist;
				INFOPLIST_KEY_UIApplicationSupportsIndirectInputEvents = YES;
				INFOPLIST_KEY_UILaunchStoryboardName = LaunchScreen;
				INFOPLIST_KEY_UIMainStoryboardFile = Main;
				INFOPLIST_KEY_UISupportedInterfaceOrientations_iPad = "UIInterfaceOrientationPortrait UIInterfaceOrientationPortraitUpsideDown UIInterfaceOrientationLandscapeLeft UIInterfaceOrientationLandscapeRight";
				INFOPLIST_KEY_UISupportedInterfaceOrientations_iPhone = "UIInterfaceOrientationPortrait UIInterfaceOrientationLandscapeLeft UIInterfaceOrientationLandscapeRight";
				LD_RUNPATH_SEARCH_PATHS = (
					"$(inherited)",
					"@executable_path/Frameworks",
				);
				MARKETING_VERSION = 1.0;
				PRODUCT_BUNDLE_IDENTIFIER = DemoApp.com.AsyncImageDownloader;
				PRODUCT_NAME = "$(TARGET_NAME)";
				SWIFT_EMIT_LOC_STRINGS = YES;
				SWIFT_VERSION = 5.0;
				TARGETED_DEVICE_FAMILY = "1,2";
			};
			name = Release;
		};
/* End XCBuildConfiguration section */

/* Begin XCConfigurationList section */
		09C800192BDB9C63000CFED0 /* Build configuration list for PBXProject "AsyncImageDownloader" */ = {
			isa = XCConfigurationList;
			buildConfigurations = (
				09C800302BDB9C64000CFED0 /* Debug */,
				09C800312BDB9C64000CFED0 /* Release */,
			);
			defaultConfigurationIsVisible = 0;
			defaultConfigurationName = Release;
		};
		09C800322BDB9C64000CFED0 /* Build configuration list for PBXNativeTarget "AsyncImageDownloader" */ = {
			isa = XCConfigurationList;
			buildConfigurations = (
				09C800332BDB9C64000CFED0 /* Debug */,
				09C800342BDB9C64000CFED0 /* Release */,
			);
			defaultConfigurationIsVisible = 0;
			defaultConfigurationName = Release;
		};
/* End XCConfigurationList section */
	};
	rootObject = 09C800162BDB9C63000CFED0 /* Project object */;
}
